
Microsoft Visual Studio Solution File, Format Version 12.00
# Visual Studio 2013
VisualStudioVersion = 12.0.31101.0
MinimumVisualStudioVersion = 10.0.40219.1
Project("{FAE04EC0-301F-11D3-BF4B-00C04F79EFBC}") = "CentralCommand", "CentralCommand\CentralCommand.csproj", "{5EB5891F-A2CA-4E05-9E19-1519B9A69F71}"
EndProject
Project("{FAE04EC0-301F-11D3-BF4B-00C04F79EFBC}") = "MarsRoverKata", "MarsRoverKata\MarsRoverKata.csproj", "{6D8153E3-F92E-4C71-8442-E649CB6D5D07}"
EndProject
Project("{FAE04EC0-301F-11D3-BF4B-00C04F79EFBC}") = "UnitTest", "UnitTest\UnitTest.csproj", "{CF0C1C01-56EC-4D42-8F3A-772A963F409E}"
EndProject
Global
	GlobalSection(SolutionConfigurationPlatforms) = preSolution
		Debug|Any CPU = Debug|Any CPU
		Release|Any CPU = Release|Any CPU
	EndGlobalSection
	GlobalSection(ProjectConfigurationPlatforms) = postSolution
		{5EB5891F-A2CA-4E05-9E19-1519B9A69F71}.Debug|Any CPU.ActiveCfg = Debug|Any CPU
		{5EB5891F-A2CA-4E05-9E19-1519B9A69F71}.Debug|Any CPU.Build.0 = Debug|Any CPU
		{5EB5891F-A2CA-4E05-9E19-1519B9A69F71}.Release|Any CPU.ActiveCfg = Release|Any CPU
		{5EB5891F-A2CA-4E05-9E19-1519B9A69F71}.Release|Any CPU.Build.0 = Release|Any CPU
		{6D8153E3-F92E-4C71-8442-E649CB6D5D07}.Debug|Any CPU.ActiveCfg = Debug|Any CPU
		{6D8153E3-F92E-4C71-8442-E649CB6D5D07}.Debug|Any CPU.Build.0 = Debug|Any CPU
		{6D8153E3-F92E-4C71-8442-E649CB6D5D07}.Release|Any CPU.ActiveCfg = Release|Any CPU
		{6D8153E3-F92E-4C71-8442-E649CB6D5D07}.Release|Any CPU.Build.0 = Release|Any CPU
		{CF0C1C01-56EC-4D42-8F3A-772A963F409E}.Debug|Any CPU.ActiveCfg = Debug|Any CPU
		{CF0C1C01-56EC-4D42-8F3A-772A963F409E}.Debug|Any CPU.Build.0 = Debug|Any CPU
		{CF0C1C01-56EC-4D42-8F3A-772A963F409E}.Release|Any CPU.ActiveCfg = Release|Any CPU
		{CF0C1C01-56EC-4D42-8F3A-772A963F409E}.Release|Any CPU.Build.0 = Release|Any CPU
	EndGlobalSection
	GlobalSection(SolutionProperties) = preSolution
		HideSolutionNode = FALSE
	EndGlobalSection
EndGlobal
